
Microsoft Visual Studio Solution File, Format Version 12.00
# Visual Studio Version 16
VisualStudioVersion = 16.0.31911.196
MinimumVisualStudioVersion = 10.0.40219.1
Project("{FAE04EC0-301F-11D3-BF4B-00C04F79EFBC}") = "Aaraf_Project", "Aaraf_Project\Aaraf_Project.csproj", "{793C8ABB-8159-43EF-A119-B0F24D2E84F7}"
EndProject
Global
	GlobalSection(SolutionConfigurationPlatforms) = preSolution
		Debug|Any CPU = Debug|Any CPU
		Release|Any CPU = Release|Any CPU
	EndGlobalSection
	GlobalSection(ProjectConfigurationPlatforms) = postSolution
		{793C8ABB-8159-43EF-A119-B0F24D2E84F7}.Debug|Any CPU.ActiveCfg = Debug|Any CPU
		{793C8ABB-8159-43EF-A119-B0F24D2E84F7}.Debug|Any CPU.Build.0 = Debug|Any CPU
		{793C8ABB-8159-43EF-A119-B0F24D2E84F7}.Release|Any CPU.ActiveCfg = Release|Any CPU
		{793C8ABB-8159-43EF-A119-B0F24D2E84F7}.Release|Any CPU.Build.0 = Release|Any CPU
	EndGlobalSection
	GlobalSection(SolutionProperties) = preSolution
		HideSolutionNode = FALSE
	EndGlobalSection
	GlobalSection(ExtensibilityGlobals) = postSolution
		SolutionGuid = {87DCC77F-AB56-493E-B741-8BDF95E098C9}
	EndGlobalSection
EndGlobal
